
Microsoft Visual Studio Solution File, Format Version 12.00
# Visual Studio Version 17
VisualStudioVersion = 17.6.33815.320
MinimumVisualStudioVersion = 10.0.40219.1
Project("{9A19103F-16F7-4668-BE54-9A1E7A4F7556}") = "PRN231_API", "PRN231_API\PRN231_API.csproj", "{FE7B343A-CCE2-4FD2-983A-5357D57103F2}"
EndProject
Project("{FAE04EC0-301F-11D3-BF4B-00C04F79EFBC}") = "PRN231_Client", "PRN231_Client\PRN231_Client.csproj", "{716DC2A9-1B4D-488F-89CF-1263C54C2579}"
EndProject
Global
	GlobalSection(SolutionConfigurationPlatforms) = preSolution
		Debug|Any CPU = Debug|Any CPU
		Release|Any CPU = Release|Any CPU
	EndGlobalSection
	GlobalSection(ProjectConfigurationPlatforms) = postSolution
		{FE7B343A-CCE2-4FD2-983A-5357D57103F2}.Debug|Any CPU.ActiveCfg = Debug|Any CPU
		{FE7B343A-CCE2-4FD2-983A-5357D57103F2}.Debug|Any CPU.Build.0 = Debug|Any CPU
		{FE7B343A-CCE2-4FD2-983A-5357D57103F2}.Release|Any CPU.ActiveCfg = Release|Any CPU
		{FE7B343A-CCE2-4FD2-983A-5357D57103F2}.Release|Any CPU.Build.0 = Release|Any CPU
		{716DC2A9-1B4D-488F-89CF-1263C54C2579}.Debug|Any CPU.ActiveCfg = Debug|Any CPU
		{716DC2A9-1B4D-488F-89CF-1263C54C2579}.Debug|Any CPU.Build.0 = Debug|Any CPU
		{716DC2A9-1B4D-488F-89CF-1263C54C2579}.Release|Any CPU.ActiveCfg = Release|Any CPU
		{716DC2A9-1B4D-488F-89CF-1263C54C2579}.Release|Any CPU.Build.0 = Release|Any CPU
	EndGlobalSection
	GlobalSection(SolutionProperties) = preSolution
		HideSolutionNode = FALSE
	EndGlobalSection
	GlobalSection(ExtensibilityGlobals) = postSolution
		SolutionGuid = {00F451FB-26CC-487A-A7DE-C9F02E5FFEEC}
	EndGlobalSection
EndGlobal
